{
  "name": "gdmn-orm",
  "version": "1.0.0",
  "lockfileVersion": 1,
  "requires": true,
  "dependencies": {
    "@types/node": {
      "version": "9.6.0",
      "resolved": "https://registry.npmjs.org/@types/node/-/node-9.6.0.tgz",
      "integrity": "sha512-h3YZbOq2+ZoDFI1z8Zx0Ck/xRWkOESVaLdgLdd/c25mMQ1Y2CAkILu9ny5A15S5f32gGcQdaUIZ2jzYr8D7IFg==",
      "dev": true
    },
    "gdmn-db": {
      "version": "git://github.com/gsbelarus/gdmn-db.git#d4ec7373426c91318a42d0dc32f11fddd4cce289",
      "requires": {
        "node-firebird": "git://github.com/gsbelarus/node-firebird.git#53e15eb667e8bc7c8da6c09fcee9c55a87aadcc3"
      }
    },
    "long": {
      "version": "2.4.0",
      "resolved": "https://registry.npmjs.org/long/-/long-2.4.0.tgz",
      "integrity": "sha1-n6GAux2VAM3CnEFWdmoZleH0Uk8="
    },
    "node-firebird": {
      "version": "git://github.com/gsbelarus/node-firebird.git#53e15eb667e8bc7c8da6c09fcee9c55a87aadcc3",
      "requires": {
        "long": "2.4.0"
      }
    }
  }
}
